<Solution>
  <Project Path="Management.Application/Management.Application.csproj" Id="1c5fa1df-ee32-4d4e-9297-c0b1b890ad54" />
  <Project Path="Management.Domain/Management.Domain.csproj" />
  <Project Path="Management.Infrastucture/Management.Infrastucture.csproj" Id="3bd1b571-9052-430a-8944-3ba5cbb378d3" />
</Solution>
